
Microsoft Visual Studio Solution File, Format Version 12.00
# Visual Studio 15
VisualStudioVersion = 15.0.26124.0
MinimumVisualStudioVersion = 15.0.26124.0
Project("{FAE04EC0-301F-11D3-BF4B-00C04F79EFBC}") = "API", "API\API.csproj", "{D57A4C80-2872-4330-AAB0-E778DE37916A}"
EndProject
Project("{FAE04EC0-301F-11D3-BF4B-00C04F79EFBC}") = "Application", "Application\Application.csproj", "{0E0D6B3F-E47F-4416-B5FB-EB3D2A6BD5DF}"
EndProject
Project("{FAE04EC0-301F-11D3-BF4B-00C04F79EFBC}") = "Persistence", "Persistence\Persistence.csproj", "{3CD73BCC-94EE-49DA-825A-16FCF0DD2449}"
EndProject
Project("{FAE04EC0-301F-11D3-BF4B-00C04F79EFBC}") = "Domain", "Domain\Domain.csproj", "{AD1FD714-6001-48A1-A008-A137493A3A7D}"
EndProject
Global
	GlobalSection(SolutionConfigurationPlatforms) = preSolution
		Debug|Any CPU = Debug|Any CPU
		Debug|x64 = Debug|x64
		Debug|x86 = Debug|x86
		Release|Any CPU = Release|Any CPU
		Release|x64 = Release|x64
		Release|x86 = Release|x86
	EndGlobalSection
	GlobalSection(SolutionProperties) = preSolution
		HideSolutionNode = FALSE
	EndGlobalSection
	GlobalSection(ProjectConfigurationPlatforms) = postSolution
		{D57A4C80-2872-4330-AAB0-E778DE37916A}.Debug|Any CPU.ActiveCfg = Debug|Any CPU
		{D57A4C80-2872-4330-AAB0-E778DE37916A}.Debug|Any CPU.Build.0 = Debug|Any CPU
		{D57A4C80-2872-4330-AAB0-E778DE37916A}.Debug|x64.ActiveCfg = Debug|Any CPU
		{D57A4C80-2872-4330-AAB0-E778DE37916A}.Debug|x64.Build.0 = Debug|Any CPU
		{D57A4C80-2872-4330-AAB0-E778DE37916A}.Debug|x86.ActiveCfg = Debug|Any CPU
		{D57A4C80-2872-4330-AAB0-E778DE37916A}.Debug|x86.Build.0 = Debug|Any CPU
		{D57A4C80-2872-4330-AAB0-E778DE37916A}.Release|Any CPU.ActiveCfg = Release|Any CPU
		{D57A4C80-2872-4330-AAB0-E778DE37916A}.Release|Any CPU.Build.0 = Release|Any CPU
		{D57A4C80-2872-4330-AAB0-E778DE37916A}.Release|x64.ActiveCfg = Release|Any CPU
		{D57A4C80-2872-4330-AAB0-E778DE37916A}.Release|x64.Build.0 = Release|Any CPU
		{D57A4C80-2872-4330-AAB0-E778DE37916A}.Release|x86.ActiveCfg = Release|Any CPU
		{D57A4C80-2872-4330-AAB0-E778DE37916A}.Release|x86.Build.0 = Release|Any CPU
		{0E0D6B3F-E47F-4416-B5FB-EB3D2A6BD5DF}.Debug|Any CPU.ActiveCfg = Debug|Any CPU
		{0E0D6B3F-E47F-4416-B5FB-EB3D2A6BD5DF}.Debug|Any CPU.Build.0 = Debug|Any CPU
		{0E0D6B3F-E47F-4416-B5FB-EB3D2A6BD5DF}.Debug|x64.ActiveCfg = Debug|Any CPU
		{0E0D6B3F-E47F-4416-B5FB-EB3D2A6BD5DF}.Debug|x64.Build.0 = Debug|Any CPU
		{0E0D6B3F-E47F-4416-B5FB-EB3D2A6BD5DF}.Debug|x86.ActiveCfg = Debug|Any CPU
		{0E0D6B3F-E47F-4416-B5FB-EB3D2A6BD5DF}.Debug|x86.Build.0 = Debug|Any CPU
		{0E0D6B3F-E47F-4416-B5FB-EB3D2A6BD5DF}.Release|Any CPU.ActiveCfg = Release|Any CPU
		{0E0D6B3F-E47F-4416-B5FB-EB3D2A6BD5DF}.Release|Any CPU.Build.0 = Release|Any CPU
		{0E0D6B3F-E47F-4416-B5FB-EB3D2A6BD5DF}.Release|x64.ActiveCfg = Release|Any CPU
		{0E0D6B3F-E47F-4416-B5FB-EB3D2A6BD5DF}.Release|x64.Build.0 = Release|Any CPU
		{0E0D6B3F-E47F-4416-B5FB-EB3D2A6BD5DF}.Release|x86.ActiveCfg = Release|Any CPU
		{0E0D6B3F-E47F-4416-B5FB-EB3D2A6BD5DF}.Release|x86.Build.0 = Release|Any CPU
		{3CD73BCC-94EE-49DA-825A-16FCF0DD2449}.Debug|Any CPU.ActiveCfg = Debug|Any CPU
		{3CD73BCC-94EE-49DA-825A-16FCF0DD2449}.Debug|Any CPU.Build.0 = Debug|Any CPU
		{3CD73BCC-94EE-49DA-825A-16FCF0DD2449}.Debug|x64.ActiveCfg = Debug|Any CPU
		{3CD73BCC-94EE-49DA-825A-16FCF0DD2449}.Debug|x64.Build.0 = Debug|Any CPU
		{3CD73BCC-94EE-49DA-825A-16FCF0DD2449}.Debug|x86.ActiveCfg = Debug|Any CPU
		{3CD73BCC-94EE-49DA-825A-16FCF0DD2449}.Debug|x86.Build.0 = Debug|Any CPU
		{3CD73BCC-94EE-49DA-825A-16FCF0DD2449}.Release|Any CPU.ActiveCfg = Release|Any CPU
		{3CD73BCC-94EE-49DA-825A-16FCF0DD2449}.Release|Any CPU.Build.0 = Release|Any CPU
		{3CD73BCC-94EE-49DA-825A-16FCF0DD2449}.Release|x64.ActiveCfg = Release|Any CPU
		{3CD73BCC-94EE-49DA-825A-16FCF0DD2449}.Release|x64.Build.0 = Release|Any CPU
		{3CD73BCC-94EE-49DA-825A-16FCF0DD2449}.Release|x86.ActiveCfg = Release|Any CPU
		{3CD73BCC-94EE-49DA-825A-16FCF0DD2449}.Release|x86.Build.0 = Release|Any CPU
		{AD1FD714-6001-48A1-A008-A137493A3A7D}.Debug|Any CPU.ActiveCfg = Debug|Any CPU
		{AD1FD714-6001-48A1-A008-A137493A3A7D}.Debug|Any CPU.Build.0 = Debug|Any CPU
		{AD1FD714-6001-48A1-A008-A137493A3A7D}.Debug|x64.ActiveCfg = Debug|Any CPU
		{AD1FD714-6001-48A1-A008-A137493A3A7D}.Debug|x64.Build.0 = Debug|Any CPU
		{AD1FD714-6001-48A1-A008-A137493A3A7D}.Debug|x86.ActiveCfg = Debug|Any CPU
		{AD1FD714-6001-48A1-A008-A137493A3A7D}.Debug|x86.Build.0 = Debug|Any CPU
		{AD1FD714-6001-48A1-A008-A137493A3A7D}.Release|Any CPU.ActiveCfg = Release|Any CPU
		{AD1FD714-6001-48A1-A008-A137493A3A7D}.Release|Any CPU.Build.0 = Release|Any CPU
		{AD1FD714-6001-48A1-A008-A137493A3A7D}.Release|x64.ActiveCfg = Release|Any CPU
		{AD1FD714-6001-48A1-A008-A137493A3A7D}.Release|x64.Build.0 = Release|Any CPU
		{AD1FD714-6001-48A1-A008-A137493A3A7D}.Release|x86.ActiveCfg = Release|Any CPU
		{AD1FD714-6001-48A1-A008-A137493A3A7D}.Release|x86.Build.0 = Release|Any CPU
	EndGlobalSection
EndGlobal
