
Microsoft Visual Studio Solution File, Format Version 12.00
# Visual Studio 15
VisualStudioVersion = 15.0.26124.0
MinimumVisualStudioVersion = 15.0.26124.0
Project("{FAE04EC0-301F-11D3-BF4B-00C04F79EFBC}") = "API", "API\API.csproj", "{44BB6EE2-455E-499E-8E75-1829CEDA7420}"
EndProject
Project("{FAE04EC0-301F-11D3-BF4B-00C04F79EFBC}") = "Persistence", "Persistence\Persistence.csproj", "{6BE3019C-4E1A-4ED5-BCB2-0D34D7FB6B17}"
EndProject
Project("{FAE04EC0-301F-11D3-BF4B-00C04F79EFBC}") = "Domain", "Domain\Domain.csproj", "{6A7E7032-7404-42EE-A69B-AAE1BD978188}"
EndProject
Project("{FAE04EC0-301F-11D3-BF4B-00C04F79EFBC}") = "Application", "Application\Application.csproj", "{1C8733EC-AE65-4CE0-8D0F-2A23256475BF}"
EndProject
Global
	GlobalSection(SolutionConfigurationPlatforms) = preSolution
		Debug|Any CPU = Debug|Any CPU
		Debug|x64 = Debug|x64
		Debug|x86 = Debug|x86
		Release|Any CPU = Release|Any CPU
		Release|x64 = Release|x64
		Release|x86 = Release|x86
	EndGlobalSection
	GlobalSection(SolutionProperties) = preSolution
		HideSolutionNode = FALSE
	EndGlobalSection
	GlobalSection(ProjectConfigurationPlatforms) = postSolution
		{44BB6EE2-455E-499E-8E75-1829CEDA7420}.Debug|Any CPU.ActiveCfg = Debug|Any CPU
		{44BB6EE2-455E-499E-8E75-1829CEDA7420}.Debug|Any CPU.Build.0 = Debug|Any CPU
		{44BB6EE2-455E-499E-8E75-1829CEDA7420}.Debug|x64.ActiveCfg = Debug|Any CPU
		{44BB6EE2-455E-499E-8E75-1829CEDA7420}.Debug|x64.Build.0 = Debug|Any CPU
		{44BB6EE2-455E-499E-8E75-1829CEDA7420}.Debug|x86.ActiveCfg = Debug|Any CPU
		{44BB6EE2-455E-499E-8E75-1829CEDA7420}.Debug|x86.Build.0 = Debug|Any CPU
		{44BB6EE2-455E-499E-8E75-1829CEDA7420}.Release|Any CPU.ActiveCfg = Release|Any CPU
		{44BB6EE2-455E-499E-8E75-1829CEDA7420}.Release|Any CPU.Build.0 = Release|Any CPU
		{44BB6EE2-455E-499E-8E75-1829CEDA7420}.Release|x64.ActiveCfg = Release|Any CPU
		{44BB6EE2-455E-499E-8E75-1829CEDA7420}.Release|x64.Build.0 = Release|Any CPU
		{44BB6EE2-455E-499E-8E75-1829CEDA7420}.Release|x86.ActiveCfg = Release|Any CPU
		{44BB6EE2-455E-499E-8E75-1829CEDA7420}.Release|x86.Build.0 = Release|Any CPU
		{6BE3019C-4E1A-4ED5-BCB2-0D34D7FB6B17}.Debug|Any CPU.ActiveCfg = Debug|Any CPU
		{6BE3019C-4E1A-4ED5-BCB2-0D34D7FB6B17}.Debug|Any CPU.Build.0 = Debug|Any CPU
		{6BE3019C-4E1A-4ED5-BCB2-0D34D7FB6B17}.Debug|x64.ActiveCfg = Debug|Any CPU
		{6BE3019C-4E1A-4ED5-BCB2-0D34D7FB6B17}.Debug|x64.Build.0 = Debug|Any CPU
		{6BE3019C-4E1A-4ED5-BCB2-0D34D7FB6B17}.Debug|x86.ActiveCfg = Debug|Any CPU
		{6BE3019C-4E1A-4ED5-BCB2-0D34D7FB6B17}.Debug|x86.Build.0 = Debug|Any CPU
		{6BE3019C-4E1A-4ED5-BCB2-0D34D7FB6B17}.Release|Any CPU.ActiveCfg = Release|Any CPU
		{6BE3019C-4E1A-4ED5-BCB2-0D34D7FB6B17}.Release|Any CPU.Build.0 = Release|Any CPU
		{6BE3019C-4E1A-4ED5-BCB2-0D34D7FB6B17}.Release|x64.ActiveCfg = Release|Any CPU
		{6BE3019C-4E1A-4ED5-BCB2-0D34D7FB6B17}.Release|x64.Build.0 = Release|Any CPU
		{6BE3019C-4E1A-4ED5-BCB2-0D34D7FB6B17}.Release|x86.ActiveCfg = Release|Any CPU
		{6BE3019C-4E1A-4ED5-BCB2-0D34D7FB6B17}.Release|x86.Build.0 = Release|Any CPU
		{6A7E7032-7404-42EE-A69B-AAE1BD978188}.Debug|Any CPU.ActiveCfg = Debug|Any CPU
		{6A7E7032-7404-42EE-A69B-AAE1BD978188}.Debug|Any CPU.Build.0 = Debug|Any CPU
		{6A7E7032-7404-42EE-A69B-AAE1BD978188}.Debug|x64.ActiveCfg = Debug|Any CPU
		{6A7E7032-7404-42EE-A69B-AAE1BD978188}.Debug|x64.Build.0 = Debug|Any CPU
		{6A7E7032-7404-42EE-A69B-AAE1BD978188}.Debug|x86.ActiveCfg = Debug|Any CPU
		{6A7E7032-7404-42EE-A69B-AAE1BD978188}.Debug|x86.Build.0 = Debug|Any CPU
		{6A7E7032-7404-42EE-A69B-AAE1BD978188}.Release|Any CPU.ActiveCfg = Release|Any CPU
		{6A7E7032-7404-42EE-A69B-AAE1BD978188}.Release|Any CPU.Build.0 = Release|Any CPU
		{6A7E7032-7404-42EE-A69B-AAE1BD978188}.Release|x64.ActiveCfg = Release|Any CPU
		{6A7E7032-7404-42EE-A69B-AAE1BD978188}.Release|x64.Build.0 = Release|Any CPU
		{6A7E7032-7404-42EE-A69B-AAE1BD978188}.Release|x86.ActiveCfg = Release|Any CPU
		{6A7E7032-7404-42EE-A69B-AAE1BD978188}.Release|x86.Build.0 = Release|Any CPU
		{1C8733EC-AE65-4CE0-8D0F-2A23256475BF}.Debug|Any CPU.ActiveCfg = Debug|Any CPU
		{1C8733EC-AE65-4CE0-8D0F-2A23256475BF}.Debug|Any CPU.Build.0 = Debug|Any CPU
		{1C8733EC-AE65-4CE0-8D0F-2A23256475BF}.Debug|x64.ActiveCfg = Debug|Any CPU
		{1C8733EC-AE65-4CE0-8D0F-2A23256475BF}.Debug|x64.Build.0 = Debug|Any CPU
		{1C8733EC-AE65-4CE0-8D0F-2A23256475BF}.Debug|x86.ActiveCfg = Debug|Any CPU
		{1C8733EC-AE65-4CE0-8D0F-2A23256475BF}.Debug|x86.Build.0 = Debug|Any CPU
		{1C8733EC-AE65-4CE0-8D0F-2A23256475BF}.Release|Any CPU.ActiveCfg = Release|Any CPU
		{1C8733EC-AE65-4CE0-8D0F-2A23256475BF}.Release|Any CPU.Build.0 = Release|Any CPU
		{1C8733EC-AE65-4CE0-8D0F-2A23256475BF}.Release|x64.ActiveCfg = Release|Any CPU
		{1C8733EC-AE65-4CE0-8D0F-2A23256475BF}.Release|x64.Build.0 = Release|Any CPU
		{1C8733EC-AE65-4CE0-8D0F-2A23256475BF}.Release|x86.ActiveCfg = Release|Any CPU
		{1C8733EC-AE65-4CE0-8D0F-2A23256475BF}.Release|x86.Build.0 = Release|Any CPU
	EndGlobalSection
EndGlobal
